<Solution>
  <Folder Name="/src/" />
  <Folder Name="/src/APIs/">
    <Project Path="Dev.Talabat.APIs/Dev.Talabat.APIs.csproj" />
  </Folder>
  <Folder Name="/src/Core/">
    <Project Path="Dev.Talabat.Application.abstruction/Dev.Talabat.Application.abstruction.csproj" />
    <Project Path="Dev.Talabat.Application/Dev.Talabat.Application.csproj" />
    <Project Path="Dev.Talabat.Domain/Dev.Talabat.Domain.csproj" />
  </Folder>
  <Folder Name="/src/Infrastructure/">
    <Project Path="Dev.Talabat.Infrastructure.persistence/Dev.Talabat.Infrastructure.persistence.csproj" />
    <Project Path="Dev.Talabat.Infrastructure/Dev.Talabat.Infrastructure.csproj" />
  </Folder>
  <Folder Name="/src/UI/" />
  <Folder Name="/src/UI/Client/" />
  <Folder Name="/src/UI/Dashboard/" />
  <Folder Name="/test/" />
</Solution>
